
Microsoft Visual Studio Solution File, Format Version 12.00
# Visual Studio Version 17
VisualStudioVersion = 17.7.33711.374
MinimumVisualStudioVersion = 10.0.40219.1
Project("{FAE04EC0-301F-11D3-BF4B-00C04F79EFBC}") = "Prueba_MSMQ_Basica", "Prueba_MSMQ\Prueba_MSMQ_Basica.csproj", "{08027DF5-756B-407B-98FE-C3C2777BCEDE}"
EndProject
Project("{FAE04EC0-301F-11D3-BF4B-00C04F79EFBC}") = "PruebaMSMQ_RcvDelegado", "PruebaMSMQ_RcvDelegado\PruebaMSMQ_RcvDelegado.csproj", "{D9FCB20D-D3E0-45D1-9BC0-7C195FD5A2AE}"
EndProject
Project("{FAE04EC0-301F-11D3-BF4B-00C04F79EFBC}") = "Prueba_MSMQ_Transacciones", "Prueba_MSMQ_Transacciones\Prueba_MSMQ_Transacciones.csproj", "{20F3820F-E410-4D8F-A92B-FDC33E66E1C6}"
EndProject
Global
	GlobalSection(SolutionConfigurationPlatforms) = preSolution
		Debug|Any CPU = Debug|Any CPU
		Release|Any CPU = Release|Any CPU
	EndGlobalSection
	GlobalSection(ProjectConfigurationPlatforms) = postSolution
		{08027DF5-756B-407B-98FE-C3C2777BCEDE}.Debug|Any CPU.ActiveCfg = Debug|Any CPU
		{08027DF5-756B-407B-98FE-C3C2777BCEDE}.Debug|Any CPU.Build.0 = Debug|Any CPU
		{08027DF5-756B-407B-98FE-C3C2777BCEDE}.Release|Any CPU.ActiveCfg = Release|Any CPU
		{08027DF5-756B-407B-98FE-C3C2777BCEDE}.Release|Any CPU.Build.0 = Release|Any CPU
		{D9FCB20D-D3E0-45D1-9BC0-7C195FD5A2AE}.Debug|Any CPU.ActiveCfg = Debug|Any CPU
		{D9FCB20D-D3E0-45D1-9BC0-7C195FD5A2AE}.Debug|Any CPU.Build.0 = Debug|Any CPU
		{D9FCB20D-D3E0-45D1-9BC0-7C195FD5A2AE}.Release|Any CPU.ActiveCfg = Release|Any CPU
		{D9FCB20D-D3E0-45D1-9BC0-7C195FD5A2AE}.Release|Any CPU.Build.0 = Release|Any CPU
		{20F3820F-E410-4D8F-A92B-FDC33E66E1C6}.Debug|Any CPU.ActiveCfg = Debug|Any CPU
		{20F3820F-E410-4D8F-A92B-FDC33E66E1C6}.Debug|Any CPU.Build.0 = Debug|Any CPU
		{20F3820F-E410-4D8F-A92B-FDC33E66E1C6}.Release|Any CPU.ActiveCfg = Release|Any CPU
		{20F3820F-E410-4D8F-A92B-FDC33E66E1C6}.Release|Any CPU.Build.0 = Release|Any CPU
	EndGlobalSection
	GlobalSection(SolutionProperties) = preSolution
		HideSolutionNode = FALSE
	EndGlobalSection
	GlobalSection(ExtensibilityGlobals) = postSolution
		SolutionGuid = {4C53BE84-34A9-4EB8-B014-B96584E731A7}
	EndGlobalSection
EndGlobal
